# This file is autogenerated, do not edit; changes may be undone by the next 'dep ensure'.


[[projects]]
  digest = "1:d55006554e83099f43c7769b5054109058a7c5417ed33645043663a831c287a4"
  name = "github.com/boj/redistore"
  packages = ["."]
  pruneopts = ""
  revision = "fc113767cd6b051980f260d6dbe84b2740c46ab0"
  version = "v1.2"

[[projects]]
  branch = "master"
  digest = "1:2fcfc6c3fb8dfe0d80d7789272230d3ac7db15022b66817113f98d9fff880225"
  name = "github.com/denisenkom/go-mssqldb"
  packages = ["."]
  pruneopts = ""
  revision = "84dc5e6cc4a674abe81be5bf7835f4ae3dced817"

[[projects]]
  digest = "1:9f1e571696860f2b4f8a241b43ce91c6085e7aaed849ccca53f590a4dc7b95bd"
  name = "github.com/fsnotify/fsnotify"
  packages = ["."]
  pruneopts = ""
  revision = "629574ca2a5df945712d3079857300b5e4da0236"
  version = "v1.4.2"

[[projects]]
  digest = "1:9525d0e79ccf382e32edeef466b9a91f16eb0eebdca5971a03fad1bb3be9cd89"
  name = "github.com/garyburd/redigo"
  packages = [
    "internal",
    "redis",
  ]
  pruneopts = ""
  revision = "a69d19351219b6dd56f274f96d85a7014a2ec34e"
  version = "v1.6.0"

[[projects]]
  branch = "master"
  digest = "1:7bf517f598967cc1f468a8ea876c85b0efb233206202b75a098e2b0e2c9e7bfd"
  name = "github.com/gin-contrib/gzip"
  packages = ["."]
  pruneopts = ""
  revision = "9b22cb967bcc8481c9fe3ab99f70d715f88980f0"

[[projects]]
  branch = "master"
  digest = "1:1120f960f5c334f0f94bad29eefaf73d52d226893369693686148f66c1993f15"
  name = "github.com/gin-contrib/sse"
  packages = ["."]
  pruneopts = ""
  revision = "22d885f9ecc78bf4ee5d72b937e4bbcdc58e8cae"

[[projects]]
  branch = "master"
  digest = "1:0ddc0950effb0af7df8912559da42294cae0a6974ef7e88d8ba2ce8f9064eb36"
  name = "github.com/gin-gonic/contrib"
  packages = ["sessions"]
  pruneopts = ""
  revision = "35076c1b2beaf5f26634fe6468bce6707c3d880a"

[[projects]]
  branch = "master"
  digest = "1:d9b8affb01c565cd3e1ec79d058761e01a8ff361f2561b9c777c77d8ad481130"
  name = "github.com/gin-gonic/gin"
  packages = [
    ".",
    "binding",
    "json",
    "render",
  ]
  pruneopts = ""
  revision = "b1ee49de8c80ea72acf019315d3dffc0ce6e06ff"
  source = "github.com/gin-gonic/gin"

[[projects]]
  branch = "master"
  digest = "1:5baa2c02dc99e7e19da7e5f78f5df65649f0c45ffc2bfd695faa712a4d6ac779"
  name = "github.com/golang/protobuf"
  packages = ["proto"]
  pruneopts = ""
  revision = "17ce1425424ab154092bbb43af630bd647f3bb0d"

[[projects]]
  digest = "1:dbbeb8ddb0be949954c8157ee8439c2adfd8dc1c9510eb44a6e58cb68c3dce28"
  name = "github.com/gorilla/context"
  packages = ["."]
  pruneopts = ""
  revision = "08b5f424b9271eedf6f9f0ce86cb9396ed337a42"
  version = "v1.1.1"

[[projects]]
  digest = "1:51a1d17ba9fe6648d9fdd5b822baa616d6ec7f28c8669c2091126d206796b5ae"
  name = "github.com/gorilla/securecookie"
  packages = ["."]
  pruneopts = ""
  revision = "e59506cc896acb7f7bf732d4fdf5e25f7ccd8983"
  version = "v1.1.1"

[[projects]]
  digest = "1:2c2d6229f9afe4e2fc1f74b6b245b8ccd44ac04cac3e3a3b1b3e21df4b45461b"
  name = "github.com/gorilla/sessions"
  packages = ["."]
  pruneopts = ""
  revision = "4355a998706e83fe1d71c31b07af94e34f68d74a"
  version = "v1.2.0"

[[projects]]
  branch = "master"
  digest = "1:8017a99c7fa4dac90c7a34e08d5f890043fc27e91e561f3267a09f65595b158c"
  name = "github.com/hashicorp/hcl"
  packages = [
    ".",
    "hcl/ast",
    "hcl/parser",
    "hcl/scanner",
    "hcl/strconv",
    "hcl/token",
    "json/parser",
    "json/scanner",
    "json/token",
  ]
  pruneopts = ""
  revision = "8f6b1344a92ff8877cf24a5de9177bf7d0a2a187"

[[projects]]
  branch = "master"
  digest = "1:eeb9fa08a2d9fd2fd0b3ea95a2cb297644528e5bbae60a4495aadc39556ad7d4"
  name = "github.com/jinzhu/gorm"
  packages = [
    ".",
    "dialects/mssql",
  ]
  pruneopts = ""
  revision = "b1885a643b4977c9089d77eb07c0fd96591f94b8"
  source = "github.com/jinzhu/gorm"

[[projects]]
  branch = "master"
  digest = "1:a0c0f06f12f4b83b89eec79114265c54e9e300b8ddda0f0f3fb49a685283fa6c"
  name = "github.com/jinzhu/inflection"
  packages = ["."]
  pruneopts = ""
  revision = "1c35d901db3da928c72a72d8458480cc9ade058f"

[[projects]]
  digest = "1:adc0337622178bff373c4a56ebab27f1107908b7d7fa69146f94ac80f0be4c60"
  name = "github.com/json-iterator/go"
  packages = ["."]
  pruneopts = ""
  revision = "36b14963da70d11297d313183d7e6388c8510e1e"
  version = "1.0.0"

[[projects]]
  digest = "1:1ce378ab2352c756c6d7a0172c22ecbd387659d32712a4ce3bc474273309a5dc"
  name = "github.com/magiconair/properties"
  packages = ["."]
  pruneopts = ""
  revision = "be5ece7dd465ab0765a9682137865547526d1dfb"
  version = "v1.7.3"

[[projects]]
  digest = "1:420bb8eabfa6dff0cb5c8e786489a420e7e9d93a8b1d83882cce70c5a5b9bc3e"
  name = "github.com/mattn/go-isatty"
  packages = ["."]
  pruneopts = ""
  revision = "fc9e8d8ef48496124e79ae0df75490096eccf6fe"
  version = "v0.0.2"

[[projects]]
  branch = "master"
  digest = "1:c9ede10a9ded782d25d1f0be87c680e11409c23554828f19a19d691a95e76130"
  name = "github.com/mitchellh/mapstructure"
  packages = ["."]
  pruneopts = ""
  revision = "d0303fe809921458f417bcf828397a65db30a7e4"

[[projects]]
  digest = "1:049b5bee78dfdc9628ee0e557219c41f683e5b06c5a5f20eaba0105ccc586689"
  name = "github.com/pelletier/go-buffruneio"
  packages = ["."]
  pruneopts = ""
  revision = "c37440a7cf42ac63b919c752ca73a85067e05992"
  version = "v0.2.0"

[[projects]]
  digest = "1:6d5a9728ae27e477a07bb69f02ea0bade74eb8b0c7346d046337904bbf7af065"
  name = "github.com/pelletier/go-toml"
  packages = ["."]
  pruneopts = ""
  revision = "5ccdfb18c776b740aecaf085c4d9a2779199c279"
  version = "v1.0.0"

[[projects]]
  branch = "master"
  digest = "1:c189f11a84aa8b868a4b7cd4605653160424ab299cf7cfb1c5bd2740b949928f"
  name = "github.com/spf13/afero"
  packages = [
    ".",
    "mem",
  ]
  pruneopts = ""
  revision = "ee1bd8ee15a1306d1f9201acc41ef39cd9f99a1b"

[[projects]]
  digest = "1:6ff9b74bfea2625f805edec59395dc37e4a06458dd3c14e3372337e3d35a2ed6"
  name = "github.com/spf13/cast"
  packages = ["."]
  pruneopts = ""
  revision = "acbeb36b902d72a7a4c18e8f3241075e7ab763e4"
  version = "v1.1.0"

[[projects]]
  branch = "master"
  digest = "1:5cb42b990db5dc48b8bc23b6ee77b260713ba3244ca495cd1ed89533dc482a49"
  name = "github.com/spf13/jwalterweatherman"
  packages = ["."]
  pruneopts = ""
  revision = "12bd96e66386c1960ab0f74ced1362f66f552f7b"

[[projects]]
  digest = "1:261bc565833ef4f02121450d74eb88d5ae4bd74bfe5d0e862cddb8550ec35000"
  name = "github.com/spf13/pflag"
  packages = ["."]
  pruneopts = ""
  revision = "e57e3eeb33f795204c1ca35f56c44f83227c6e66"
  version = "v1.0.0"

[[projects]]
  branch = "master"
  digest = "1:4caefd13b246d8b98a6fbdb6ecd46c464d48e005a8e65079cb9791d93d42dcdd"
  name = "github.com/spf13/viper"
  packages = ["."]
  pruneopts = ""
  revision = "d9cca5ef33035202efb1586825bdbb15ff9ec3ba"
  source = "github.com/spf13/viper"

[[projects]]
  branch = "master"
  digest = "1:444c05e2a216066b0def62df62e3cef74d51f5ea0ecd6547a100daa2281547ff"
  name = "github.com/ugorji/go"
  packages = ["codec"]
  pruneopts = ""
  revision = "8c0409fcbb70099c748d71f714529204975f6c3f"

[[projects]]
  branch = "master"
  digest = "1:67deb33ca789e9ac4f07820a4a0f9725e66e3913af6bfd7231328eb3cad3377c"
  name = "golang.org/x/crypto"
  packages = ["md4"]
  pruneopts = ""
  revision = "81e90905daefcd6fd217b62423c0908922eadb30"

[[projects]]
  branch = "master"
  digest = "1:ac3ee562ea184c7b47276d00d7bec2a0ac19fd87451125d57a432a934e65a6e4"
  name = "golang.org/x/net"
  packages = ["context"]
  pruneopts = ""
  revision = "66aacef3dd8a676686c7ae3716979581e8b03c47"

[[projects]]
  branch = "master"
  digest = "1:58fbd9c3f829bbd67f4c318b6e95e3a0a02f516804333727c346b357478ce7a6"
  name = "golang.org/x/sys"
  packages = ["unix"]
  pruneopts = ""
  revision = "5513e650ab47a692d3a036d49be8fa52ddd09b65"

[[projects]]
  branch = "master"
  digest = "1:653926785eac385fd1d61dc16360a5194c68d4bf2541234363a9375d2e88a039"
  name = "golang.org/x/text"
  packages = [
    "encoding",
    "encoding/internal",
    "encoding/internal/identifier",
    "encoding/unicode",
    "internal/gen",
    "internal/triegen",
    "internal/ucd",
    "internal/utf8internal",
    "runes",
    "transform",
    "unicode/cldr",
    "unicode/norm",
  ]
  pruneopts = ""
  revision = "bd91bbf73e9a4a801adbfb97133c992678533126"

[[projects]]
  digest = "1:039b95e6ba078fe5a22315dcae7bc9859226ee34672ce9ab01708576bf2abd38"
  name = "gopkg.in/asn1-ber.v1"
  packages = ["."]
  pruneopts = ""
  revision = "f715ec2f112d1e4195b827ad68cf44017a3ef2b1"
  version = "v1.3"

[[projects]]
  digest = "1:dd549e360e5a8f982a28c2bcbe667307ceffe538ed9afc7c965524f1ac285b3f"
  name = "gopkg.in/go-playground/validator.v8"
  packages = ["."]
  pruneopts = ""
  revision = "5f1438d3fca68893a817e4a66806cea46a9e4ebf"
  version = "v8.18.2"

[[projects]]
  digest = "1:f4dbc03ffbdfbb0014e6dd25abff806b3b84ca04a5cf4678e2b7d5493dab7009"
  name = "gopkg.in/korylprince/go-ad-auth.v2"
  packages = ["."]
  pruneopts = ""
  revision = "b58edd272e74b1f7b02a2d82078415a610ce7c24"
  version = "v2.2.0"

[[projects]]
  digest = "1:727d3e2863f85ea4dd6822bee460b7102ea5da3aa178e1231165bc6dd9fe08d0"
  name = "gopkg.in/ldap.v3"
  packages = ["."]
  pruneopts = ""
  revision = "9f0d712775a0973b7824a1585a86a4ea1d5263d9"
  version = "v3.0.3"

[[projects]]
  branch = "v2"
  digest = "1:81314a486195626940617e43740b4fa073f265b0715c9f54ce2027fee1cb5f61"
  name = "gopkg.in/yaml.v2"
  packages = ["."]
  pruneopts = ""
  revision = "eb3733d160e74a9c7e442f435eb3bea458e1d19f"

[solve-meta]
  analyzer-name = "dep"
  analyzer-version = 1
  input-imports = [
    "github.com/gin-contrib/gzip",
    "github.com/gin-gonic/contrib/sessions",
    "github.com/gin-gonic/gin",
    "github.com/jinzhu/gorm",
    "github.com/jinzhu/gorm/dialects/mssql",
    "github.com/spf13/viper",
    "gopkg.in/korylprince/go-ad-auth.v2",
  ]
  solver-name = "gps-cdcl"
  solver-version = 1
